
Microsoft Visual Studio Solution File, Format Version 12.00
# Visual Studio Version 17
VisualStudioVersion = 17.5.002.0
MinimumVisualStudioVersion = 10.0.40219.1
Project("{9A19103F-16F7-4668-BE54-9A1E7A4F7556}") = "tech-store", "tech-store.csproj", "{DB333152-37EC-4EFF-9C96-382E4673579A}"
EndProject
Global
	GlobalSection(SolutionConfigurationPlatforms) = preSolution
		Debug|Any CPU = Debug|Any CPU
		Release|Any CPU = Release|Any CPU
	EndGlobalSection
	GlobalSection(ProjectConfigurationPlatforms) = postSolution
		{DB333152-37EC-4EFF-9C96-382E4673579A}.Debug|Any CPU.ActiveCfg = Debug|Any CPU
		{DB333152-37EC-4EFF-9C96-382E4673579A}.Debug|Any CPU.Build.0 = Debug|Any CPU
		{DB333152-37EC-4EFF-9C96-382E4673579A}.Release|Any CPU.ActiveCfg = Release|Any CPU
		{DB333152-37EC-4EFF-9C96-382E4673579A}.Release|Any CPU.Build.0 = Release|Any CPU
	EndGlobalSection
	GlobalSection(SolutionProperties) = preSolution
		HideSolutionNode = FALSE
	EndGlobalSection
	GlobalSection(ExtensibilityGlobals) = postSolution
		SolutionGuid = {2284EB78-22C2-437B-963C-E88B9FB08013}
	EndGlobalSection
EndGlobal
